// !$*UTF8*$!
{
	archiveVersion = 1;
	classes = {
	};
	objectVersion = 46;
	objects = {

/* Begin PBXBuildFile section */
		6987C2891A1DD2AA00BC13FE /* main.m in Sources */ = {isa = PBXBuildFile; fileRef = 6987C2881A1DD2AA00BC13FE /* main.m */; };
		6987C28C1A1DD2AA00BC13FE /* AppDelegate.m in Sources */ = {isa = PBXBuildFile; fileRef = 6987C28B1A1DD2AA00BC13FE /* AppDelegate.m */; };
		6987C28E1A1DD2AA00BC13FE /* Images.xcassets in Resources */ = {isa = PBXBuildFile; fileRef = 6987C28D1A1DD2AA00BC13FE /* Images.xcassets */; };
		6987C2911A1DD2AA00BC13FE /* LaunchScreen.xib in Resources */ = {isa = PBXBuildFile; fileRef = 6987C28F1A1DD2AA00BC13FE /* LaunchScreen.xib */; };
		6987C29D1A1DD2AB00BC13FE /* UMessageDemoTests.m in Sources */ = {isa = PBXBuildFile; fileRef = 6987C29C1A1DD2AB00BC13FE /* UMessageDemoTests.m */; };
		6987C2A91A1DD2EC00BC13FE /* libUMessage_Sdk_1.1.0.a in Frameworks */ = {isa = PBXBuildFile; fileRef = 6987C2A71A1DD2EC00BC13FE /* libUMessage_Sdk_1.1.0.a */; };
		6987C2AD1A1DD31E00BC13FE /* HYBUMessageHelper.m in Sources */ = {isa = PBXBuildFile; fileRef = 6987C2AC1A1DD31E00BC13FE /* HYBUMessageHelper.m */; };
/* End PBXBuildFile section */

/* Begin PBXContainerItemProxy section */
		6987C2971A1DD2AB00BC13FE /* PBXContainerItemProxy */ = {
			isa = PBXContainerItemProxy;
			containerPortal = 6987C27B1A1DD2AA00BC13FE /* Project object */;
			proxyType = 1;
			remoteGlobalIDString = 6987C2821A1DD2AA00BC13FE;
			remoteInfo = UMessageDemo;
		};
/* End PBXContainerItemProxy section */

/* Begin PBXFileReference section */
		6987C2831A1DD2AA00BC13FE /* UMessageDemo.app */ = {isa = PBXFileReference; explicitFileType = wrapper.application; includeInIndex = 0; path = UMessageDemo.app; sourceTree = BUILT_PRODUCTS_DIR; };
		6987C2871A1DD2AA00BC13FE /* Info.plist */ = {isa = PBXFileReference; lastKnownFileType = text.plist.xml; path = Info.plist; sourceTree = "<group>"; };
		6987C2881A1DD2AA00BC13FE /* main.m */ = {isa = PBXFileReference; lastKnownFileType = sourcecode.c.objc; path = main.m; sourceTree = "<group>"; };
		6987C28A1A1DD2AA00BC13FE /* AppDelegate.h */ = {isa = PBXFileReference; lastKnownFileType = sourcecode.c.h; path = AppDelegate.h; sourceTree = "<group>"; };
		6987C28B1A1DD2AA00BC13FE /* AppDelegate.m */ = {isa = PBXFileReference; lastKnownFileType = sourcecode.c.objc; path = AppDelegate.m; sourceTree = "<group>"; };
		6987C28D1A1DD2AA00BC13FE /* Images.xcassets */ = {isa = PBXFileReference; lastKnownFileType = folder.assetcatalog; path = Images.xcassets; sourceTree = "<group>"; };
		6987C2901A1DD2AA00BC13FE /* Base */ = {isa = PBXFileReference; lastKnownFileType = file.xib; name = Base; path = Base.lproj/LaunchScreen.xib; sourceTree = "<group>"; };
		6987C2961A1DD2AB00BC13FE /* UMessageDemoTests.xctest */ = {isa = PBXFileReference; explicitFileType = wrapper.cfbundle; includeInIndex = 0; path = UMessageDemoTests.xctest; sourceTree = BUILT_PRODUCTS_DIR; };
		6987C29B1A1DD2AB00BC13FE /* Info.plist */ = {isa = PBXFileReference; lastKnownFileType = text.plist.xml; path = Info.plist; sourceTree = "<group>"; };
		6987C29C1A1DD2AB00BC13FE /* UMessageDemoTests.m */ = {isa = PBXFileReference; lastKnownFileType = sourcecode.c.objc; path = UMessageDemoTests.m; sourceTree = "<group>"; };
		6987C2A71A1DD2EC00BC13FE /* libUMessage_Sdk_1.1.0.a */ = {isa = PBXFileReference; lastKnownFileType = archive.ar; path = libUMessage_Sdk_1.1.0.a; sourceTree = "<group>"; };
		6987C2A81A1DD2EC00BC13FE /* UMessage.h */ = {isa = PBXFileReference; fileEncoding = 4; lastKnownFileType = sourcecode.c.h; path = UMessage.h; sourceTree = "<group>"; };
		6987C2AB1A1DD31E00BC13FE /* HYBUMessageHelper.h */ = {isa = PBXFileReference; fileEncoding = 4; lastKnownFileType = sourcecode.c.h; name = HYBUMessageHelper.h; path = UMessageHelper/HYBUMessageHelper.h; sourceTree = "<group>"; };
		6987C2AC1A1DD31E00BC13FE /* HYBUMessageHelper.m */ = {isa = PBXFileReference; fileEncoding = 4; lastKnownFileType = sourcecode.c.objc; name = HYBUMessageHelper.m; path = UMessageHelper/HYBUMessageHelper.m; sourceTree = "<group>"; };
/* End PBXFileReference section */

/* Begin PBXFrameworksBuildPhase section */
		6987C2801A1DD2AA00BC13FE /* Frameworks */ = {
			isa = PBXFrameworksBuildPhase;
			buildActionMask = 2147483647;
			files = (
				6987C2A91A1DD2EC00BC13FE /* libUMessage_Sdk_1.1.0.a in Frameworks */,
			);
			runOnlyForDeploymentPostprocessing = 0;
		};
		6987C2931A1DD2AB00BC13FE /* Frameworks */ = {
			isa = PBXFrameworksBuildPhase;
			buildActionMask = 2147483647;
			files = (
			);
			runOnlyForDeploymentPostprocessing = 0;
		};
/* End PBXFrameworksBuildPhase section */

/* Begin PBXGroup section */
		6987C27A1A1DD2AA00BC13FE = {
			isa = PBXGroup;
			children = (
				6987C2851A1DD2AA00BC13FE /* UMessageDemo */,
				6987C2991A1DD2AB00BC13FE /* UMessageDemoTests */,
				6987C2841A1DD2AA00BC13FE /* Products */,
			);
			sourceTree = "<group>";
		};
		6987C2841A1DD2AA00BC13FE /* Products */ = {
			isa = PBXGroup;
			children = (
				6987C2831A1DD2AA00BC13FE /* UMessageDemo.app */,
				6987C2961A1DD2AB00BC13FE /* UMessageDemoTests.xctest */,
			);
			name = Products;
			sourceTree = "<group>";
		};
		6987C2851A1DD2AA00BC13FE /* UMessageDemo */ = {
			isa = PBXGroup;
			children = (
				6987C2AA1A1DD30E00BC13FE /* UMessageHelper */,
				6987C2A61A1DD2EC00BC13FE /* UMessage_Sdk_1.1.0 */,
				6987C28A1A1DD2AA00BC13FE /* AppDelegate.h */,
				6987C28B1A1DD2AA00BC13FE /* AppDelegate.m */,
				6987C2861A1DD2AA00BC13FE /* Supporting Files */,
			);
			path = UMessageDemo;
			sourceTree = "<group>";
		};
		6987C2861A1DD2AA00BC13FE /* Supporting Files */ = {
			isa = PBXGroup;
			children = (
				6987C28D1A1DD2AA00BC13FE /* Images.xcassets */,
				6987C28F1A1DD2AA00BC13FE /* LaunchScreen.xib */,
				6987C2871A1DD2AA00BC13FE /* Info.plist */,
				6987C2881A1DD2AA00BC13FE /* main.m */,
			);
			name = "Supporting Files";
			sourceTree = "<group>";
		};
		6987C2991A1DD2AB00BC13FE /* UMessageDemoTests */ = {
			isa = PBXGroup;
			children = (
				6987C29C1A1DD2AB00BC13FE /* UMessageDemoTests.m */,
				6987C29A1A1DD2AB00BC13FE /* Supporting Files */,
			);
			path = UMessageDemoTests;
			sourceTree = "<group>";
		};
		6987C29A1A1DD2AB00BC13FE /* Supporting Files */ = {
			isa = PBXGroup;
			children = (
				6987C29B1A1DD2AB00BC13FE /* Info.plist */,
			);
			name = "Supporting Files";
			sourceTree = "<group>";
		};
		6987C2A61A1DD2EC00BC13FE /* UMessage_Sdk_1.1.0 */ = {
			isa = PBXGroup;
			children = (
				6987C2A71A1DD2EC00BC13FE /* libUMessage_Sdk_1.1.0.a */,
				6987C2A81A1DD2EC00BC13FE /* UMessage.h */,
			);
			path = UMessage_Sdk_1.1.0;
			sourceTree = "<group>";
		};
		6987C2AA1A1DD30E00BC13FE /* UMessageHelper */ = {
			isa = PBXGroup;
			children = (
				6987C2AB1A1DD31E00BC13FE /* HYBUMessageHelper.h */,
				6987C2AC1A1DD31E00BC13FE /* HYBUMessageHelper.m */,
			);
			name = UMessageHelper;
			sourceTree = "<group>";
		};
/* End PBXGroup section */

/* Begin PBXNativeTarget section */
		6987C2821A1DD2AA00BC13FE /* UMessageDemo */ = {
			isa = PBXNativeTarget;
			buildConfigurationList = 6987C2A01A1DD2AB00BC13FE /* Build configuration list for PBXNativeTarget "UMessageDemo" */;
			buildPhases = (
				6987C27F1A1DD2AA00BC13FE /* Sources */,
				6987C2801A1DD2AA00BC13FE /* Frameworks */,
				6987C2811A1DD2AA00BC13FE /* Resources */,
			);
			buildRules = (
			);
			dependencies = (
			);
			name = UMessageDemo;
			productName = UMessageDemo;
			productReference = 6987C2831A1DD2AA00BC13FE /* UMessageDemo.app */;
			productType = "com.apple.product-type.application";
		};
		6987C2951A1DD2AB00BC13FE /* UMessageDemoTests */ = {
			isa = PBXNativeTarget;
			buildConfigurationList = 6987C2A31A1DD2AB00BC13FE /* Build configuration list for PBXNativeTarget "UMessageDemoTests" */;
			buildPhases = (
				6987C2921A1DD2AB00BC13FE /* Sources */,
				6987C2931A1DD2AB00BC13FE /* Frameworks */,
				6987C2941A1DD2AB00BC13FE /* Resources */,
			);
			buildRules = (
			);
			dependencies = (
				6987C2981A1DD2AB00BC13FE /* PBXTargetDependency */,
			);
			name = UMessageDemoTests;
			productName = UMessageDemoTests;
			productReference = 6987C2961A1DD2AB00BC13FE /* UMessageDemoTests.xctest */;
			productType = "com.apple.product-type.bundle.unit-test";
		};
/* End PBXNativeTarget section */

/* Begin PBXProject section */
		6987C27B1A1DD2AA00BC13FE /* Project object */ = {
			isa = PBXProject;
			attributes = {
				LastUpgradeCheck = 0610;
				ORGANIZATIONNAME = "黄仪标";
				TargetAttributes = {
					6987C2821A1DD2AA00BC13FE = {
						CreatedOnToolsVersion = 6.1;
						SystemCapabilities = {
							com.apple.BackgroundModes = {
								enabled = 1;
							};
						};
					};
					6987C2951A1DD2AB00BC13FE = {
						CreatedOnToolsVersion = 6.1;
						TestTargetID = 6987C2821A1DD2AA00BC13FE;
					};
				};
			};
			buildConfigurationList = 6987C27E1A1DD2AA00BC13FE /* Build configuration list for PBXProject "UMessageDemo" */;
			compatibilityVersion = "Xcode 3.2";
			developmentRegion = English;
			hasScannedForEncodings = 0;
			knownRegions = (
				en,
				Base,
			);
			mainGroup = 6987C27A1A1DD2AA00BC13FE;
			productRefGroup = 6987C2841A1DD2AA00BC13FE /* Products */;
			projectDirPath = "";
			projectRoot = "";
			targets = (
				6987C2821A1DD2AA00BC13FE /* UMessageDemo */,
				6987C2951A1DD2AB00BC13FE /* UMessageDemoTests */,
			);
		};
/* End PBXProject section */

/* Begin PBXResourcesBuildPhase section */
		6987C2811A1DD2AA00BC13FE /* Resources */ = {
			isa = PBXResourcesBuildPhase;
			buildActionMask = 2147483647;
			files = (
				6987C2911A1DD2AA00BC13FE /* LaunchScreen.xib in Resources */,
				6987C28E1A1DD2AA00BC13FE /* Images.xcassets in Resources */,
			);
			runOnlyForDeploymentPostprocessing = 0;
		};
		6987C2941A1DD2AB00BC13FE /* Resources */ = {
			isa = PBXResourcesBuildPhase;
			buildActionMask = 2147483647;
			files = (
			);
			runOnlyForDeploymentPostprocessing = 0;
		};
/* End PBXResourcesBuildPhase section */

/* Begin PBXSourcesBuildPhase section */
		6987C27F1A1DD2AA00BC13FE /* Sources */ = {
			isa = PBXSourcesBuildPhase;
			buildActionMask = 2147483647;
			files = (
				6987C28C1A1DD2AA00BC13FE /* AppDelegate.m in Sources */,
				6987C2AD1A1DD31E00BC13FE /* HYBUMessageHelper.m in Sources */,
				6987C2891A1DD2AA00BC13FE /* main.m in Sources */,
			);
			runOnlyForDeploymentPostprocessing = 0;
		};
		6987C2921A1DD2AB00BC13FE /* Sources */ = {
			isa = PBXSourcesBuildPhase;
			buildActionMask = 2147483647;
			files = (
				6987C29D1A1DD2AB00BC13FE /* UMessageDemoTests.m in Sources */,
			);
			runOnlyForDeploymentPostprocessing = 0;
		};
/* End PBXSourcesBuildPhase section */

/* Begin PBXTargetDependency section */
		6987C2981A1DD2AB00BC13FE /* PBXTargetDependency */ = {
			isa = PBXTargetDependency;
			target = 6987C2821A1DD2AA00BC13FE /* UMessageDemo */;
			targetProxy = 6987C2971A1DD2AB00BC13FE /* PBXContainerItemProxy */;
		};
/* End PBXTargetDependency section */

/* Begin PBXVariantGroup section */
		6987C28F1A1DD2AA00BC13FE /* LaunchScreen.xib */ = {
			isa = PBXVariantGroup;
			children = (
				6987C2901A1DD2AA00BC13FE /* Base */,
			);
			name = LaunchScreen.xib;
			sourceTree = "<group>";
		};
/* End PBXVariantGroup section */

/* Begin XCBuildConfiguration section */
		6987C29E1A1DD2AB00BC13FE /* Debug */ = {
			isa = XCBuildConfiguration;
			buildSettings = {
				ALWAYS_SEARCH_USER_PATHS = NO;
				CLANG_CXX_LANGUAGE_STANDARD = "gnu++0x";
				CLANG_CXX_LIBRARY = "libc++";
				CLANG_ENABLE_MODULES = YES;
				CLANG_ENABLE_OBJC_ARC = YES;
				CLANG_WARN_BOOL_CONVERSION = YES;
				CLANG_WARN_CONSTANT_CONVERSION = YES;
				CLANG_WARN_DIRECT_OBJC_ISA_USAGE = YES_ERROR;
				CLANG_WARN_EMPTY_BODY = YES;
				CLANG_WARN_ENUM_CONVERSION = YES;
				CLANG_WARN_INT_CONVERSION = YES;
				CLANG_WARN_OBJC_ROOT_CLASS = YES_ERROR;
				CLANG_WARN_UNREACHABLE_CODE = YES;
				CLANG_WARN__DUPLICATE_METHOD_MATCH = YES;
				"CODE_SIGN_IDENTITY[sdk=iphoneos*]" = "iPhone Developer";
				COPY_PHASE_STRIP = NO;
				ENABLE_STRICT_OBJC_MSGSEND = YES;
				GCC_C_LANGUAGE_STANDARD = gnu99;
				GCC_DYNAMIC_NO_PIC = NO;
				GCC_OPTIMIZATION_LEVEL = 0;
				GCC_PREPROCESSOR_DEFINITIONS = (
					"DEBUG=1",
					"$(inherited)",
				);
				GCC_SYMBOLS_PRIVATE_EXTERN = NO;
				GCC_WARN_64_TO_32_BIT_CONVERSION = YES;
				GCC_WARN_ABOUT_RETURN_TYPE = YES_ERROR;
				GCC_WARN_UNDECLARED_SELECTOR = YES;
				GCC_WARN_UNINITIALIZED_AUTOS = YES_AGGRESSIVE;
				GCC_WARN_UNUSED_FUNCTION = YES;
				GCC_WARN_UNUSED_VARIABLE = YES;
				IPHONEOS_DEPLOYMENT_TARGET = 6.0;
				MTL_ENABLE_DEBUG_INFO = YES;
				ONLY_ACTIVE_ARCH = YES;
				SDKROOT = iphoneos;
			};
			name = Debug;
		};
		6987C29F1A1DD2AB00BC13FE /* Release */ = {
			isa = XCBuildConfiguration;
			buildSettings = {
				ALWAYS_SEARCH_USER_PATHS = NO;
				CLANG_CXX_LANGUAGE_STANDARD = "gnu++0x";
				CLANG_CXX_LIBRARY = "libc++";
				CLANG_ENABLE_MODULES = YES;
				CLANG_ENABLE_OBJC_ARC = YES;
				CLANG_WARN_BOOL_CONVERSION = YES;
				CLANG_WARN_CONSTANT_CONVERSION = YES;
				CLANG_WARN_DIRECT_OBJC_ISA_USAGE = YES_ERROR;
				CLANG_WARN_EMPTY_BODY = YES;
				CLANG_WARN_ENUM_CONVERSION = YES;
				CLANG_WARN_INT_CONVERSION = YES;
				CLANG_WARN_OBJC_ROOT_CLASS = YES_ERROR;
				CLANG_WARN_UNREACHABLE_CODE = YES;
				CLANG_WARN__DUPLICATE_METHOD_MATCH = YES;
				"CODE_SIGN_IDENTITY[sdk=iphoneos*]" = "iPhone Developer";
				COPY_PHASE_STRIP = YES;
				ENABLE_NS_ASSERTIONS = NO;
				ENABLE_STRICT_OBJC_MSGSEND = YES;
				GCC_C_LANGUAGE_STANDARD = gnu99;
				GCC_WARN_64_TO_32_BIT_CONVERSION = YES;
				GCC_WARN_ABOUT_RETURN_TYPE = YES_ERROR;
				GCC_WARN_UNDECLARED_SELECTOR = YES;
				GCC_WARN_UNINITIALIZED_AUTOS = YES_AGGRESSIVE;
				GCC_WARN_UNUSED_FUNCTION = YES;
				GCC_WARN_UNUSED_VARIABLE = YES;
				IPHONEOS_DEPLOYMENT_TARGET = 6.0;
				MTL_ENABLE_DEBUG_INFO = NO;
				SDKROOT = iphoneos;
				VALIDATE_PRODUCT = YES;
			};
			name = Release;
		};
		6987C2A11A1DD2AB00BC13FE /* Debug */ = {
			isa = XCBuildConfiguration;
			buildSettings = {
				ASSETCATALOG_COMPILER_APPICON_NAME = AppIcon;
				INFOPLIST_FILE = UMessageDemo/Info.plist;
				IPHONEOS_DEPLOYMENT_TARGET = 6.0;
				LD_RUNPATH_SEARCH_PATHS = "$(inherited) @executable_path/Frameworks";
				LIBRARY_SEARCH_PATHS = (
					"$(inherited)",
					"$(PROJECT_DIR)/UMessageDemo/UMessage_Sdk_1.1.0",
				);
				PRODUCT_NAME = "$(TARGET_NAME)";
				PROVISIONING_PROFILE = "25749e1f-f9bc-4b04-834b-1b5481c886e4";
			};
			name = Debug;
		};
		6987C2A21A1DD2AB00BC13FE /* Release */ = {
			isa = XCBuildConfiguration;
			buildSettings = {
				ASSETCATALOG_COMPILER_APPICON_NAME = AppIcon;
				INFOPLIST_FILE = UMessageDemo/Info.plist;
				IPHONEOS_DEPLOYMENT_TARGET = 6.0;
				LD_RUNPATH_SEARCH_PATHS = "$(inherited) @executable_path/Frameworks";
				LIBRARY_SEARCH_PATHS = (
					"$(inherited)",
					"$(PROJECT_DIR)/UMessageDemo/UMessage_Sdk_1.1.0",
				);
				PRODUCT_NAME = "$(TARGET_NAME)";
				PROVISIONING_PROFILE = "25749e1f-f9bc-4b04-834b-1b5481c886e4";
			};
			name = Release;
		};
		6987C2A41A1DD2AB00BC13FE /* Debug */ = {
			isa = XCBuildConfiguration;
			buildSettings = {
				BUNDLE_LOADER = "$(TEST_HOST)";
				FRAMEWORK_SEARCH_PATHS = (
					"$(SDKROOT)/Developer/Library/Frameworks",
					"$(inherited)",
				);
				GCC_PREPROCESSOR_DEFINITIONS = (
					"DEBUG=1",
					"$(inherited)",
				);
				INFOPLIST_FILE = UMessageDemoTests/Info.plist;
				LD_RUNPATH_SEARCH_PATHS = "$(inherited) @executable_path/Frameworks @loader_path/Frameworks";
				PRODUCT_NAME = "$(TARGET_NAME)";
				TEST_HOST = "$(BUILT_PRODUCTS_DIR)/UMessageDemo.app/UMessageDemo";
			};
			name = Debug;
		};
		6987C2A51A1DD2AB00BC13FE /* Release */ = {
			isa = XCBuildConfiguration;
			buildSettings = {
				BUNDLE_LOADER = "$(TEST_HOST)";
				FRAMEWORK_SEARCH_PATHS = (
					"$(SDKROOT)/Developer/Library/Frameworks",
					"$(inherited)",
				);
				INFOPLIST_FILE = UMessageDemoTests/Info.plist;
				LD_RUNPATH_SEARCH_PATHS = "$(inherited) @executable_path/Frameworks @loader_path/Frameworks";
				PRODUCT_NAME = "$(TARGET_NAME)";
				TEST_HOST = "$(BUILT_PRODUCTS_DIR)/UMessageDemo.app/UMessageDemo";
			};
			name = Release;
		};
/* End XCBuildConfiguration section */

/* Begin XCConfigurationList section */
		6987C27E1A1DD2AA00BC13FE /* Build configuration list for PBXProject "UMessageDemo" */ = {
			isa = XCConfigurationList;
			buildConfigurations = (
				6987C29E1A1DD2AB00BC13FE /* Debug */,
				6987C29F1A1DD2AB00BC13FE /* Release */,
			);
			defaultConfigurationIsVisible = 0;
			defaultConfigurationName = Release;
		};
		6987C2A01A1DD2AB00BC13FE /* Build configuration list for PBXNativeTarget "UMessageDemo" */ = {
			isa = XCConfigurationList;
			buildConfigurations = (
				6987C2A11A1DD2AB00BC13FE /* Debug */,
				6987C2A21A1DD2AB00BC13FE /* Release */,
			);
			defaultConfigurationIsVisible = 0;
		};
		6987C2A31A1DD2AB00BC13FE /* Build configuration list for PBXNativeTarget "UMessageDemoTests" */ = {
			isa = XCConfigurationList;
			buildConfigurations = (
				6987C2A41A1DD2AB00BC13FE /* Debug */,
				6987C2A51A1DD2AB00BC13FE /* Release */,
			);
			defaultConfigurationIsVisible = 0;
		};
/* End XCConfigurationList section */
	};
	rootObject = 6987C27B1A1DD2AA00BC13FE /* Project object */;
}
